// !$*UTF8*$!
{
	archiveVersion = 1;
	classes = {
	};
	objectVersion = 56;
	objects = {

/* Begin PBXBuildFile section */
		A60508D42AA049DD003FDF43 /* MenuController.swift in Sources */ = {isa = PBXBuildFile; fileRef = A60508D32AA049DD003FDF43 /* MenuController.swift */; };
		A60508D62AA05077003FDF43 /* MapViewController.swift in Sources */ = {isa = PBXBuildFile; fileRef = A60508D52AA05077003FDF43 /* MapViewController.swift */; };
		A61A68B42A9C782F00C95C94 /* GoogleService-Info.plist in Resources */ = {isa = PBXBuildFile; fileRef = A61A68B32A9C782F00C95C94 /* GoogleService-Info.plist */; };
		A61A68B62A9C78AA00C95C94 /* RegisterViewController.swift in Sources */ = {isa = PBXBuildFile; fileRef = A61A68B52A9C78AA00C95C94 /* RegisterViewController.swift */; };
		A63ADCF82A9CB1790091EFCC /* DashBoardViewController.swift in Sources */ = {isa = PBXBuildFile; fileRef = A63ADCF72A9CB1790091EFCC /* DashBoardViewController.swift */; };
		A68082602A9CA18400B469CA /* LoginViewController.swift in Sources */ = {isa = PBXBuildFile; fileRef = A680825F2A9CA18400B469CA /* LoginViewController.swift */; };
		A6895A742AA84A2100ACEA95 /* UserProfileDataModel.swift in Sources */ = {isa = PBXBuildFile; fileRef = A6895A732AA84A2100ACEA95 /* UserProfileDataModel.swift */; };
		A6947CDF2A9C66C2005319B5 /* AppDelegate.swift in Sources */ = {isa = PBXBuildFile; fileRef = A6947CDE2A9C66C2005319B5 /* AppDelegate.swift */; };
		A6947CE12A9C66C2005319B5 /* SceneDelegate.swift in Sources */ = {isa = PBXBuildFile; fileRef = A6947CE02A9C66C2005319B5 /* SceneDelegate.swift */; };
		A6947CE62A9C66C2005319B5 /* Main.storyboard in Resources */ = {isa = PBXBuildFile; fileRef = A6947CE42A9C66C2005319B5 /* Main.storyboard */; };
		A6947CE82A9C66C3005319B5 /* Assets.xcassets in Resources */ = {isa = PBXBuildFile; fileRef = A6947CE72A9C66C3005319B5 /* Assets.xcassets */; };
		A6947CEB2A9C66C3005319B5 /* LaunchScreen.storyboard in Resources */ = {isa = PBXBuildFile; fileRef = A6947CE92A9C66C3005319B5 /* LaunchScreen.storyboard */; };
		A6D0186B2AA0411E00F9BC20 /* MenuViewController.swift in Sources */ = {isa = PBXBuildFile; fileRef = A6D0186A2AA0411E00F9BC20 /* MenuViewController.swift */; };
		A6FB58592AA7906D00D629B4 /* String.swift in Sources */ = {isa = PBXBuildFile; fileRef = A6FB58582AA7906D00D629B4 /* String.swift */; };
		D40742E129B3DD4C934FE97F /* Pods_SignInLogin.framework in Frameworks */ = {isa = PBXBuildFile; fileRef = 8869B319526857DBBD2B9B6A /* Pods_SignInLogin.framework */; };
/* End PBXBuildFile section */

/* Begin PBXFileReference section */
		8869B319526857DBBD2B9B6A /* Pods_SignInLogin.framework */ = {isa = PBXFileReference; explicitFileType = wrapper.framework; includeInIndex = 0; path = Pods_SignInLogin.framework; sourceTree = BUILT_PRODUCTS_DIR; };
		A60508D32AA049DD003FDF43 /* MenuController.swift */ = {isa = PBXFileReference; lastKnownFileType = sourcecode.swift; path = MenuController.swift; sourceTree = "<group>"; };
		A60508D52AA05077003FDF43 /* MapViewController.swift */ = {isa = PBXFileReference; lastKnownFileType = sourcecode.swift; path = MapViewController.swift; sourceTree = "<group>"; };
		A61A68B32A9C782F00C95C94 /* GoogleService-Info.plist */ = {isa = PBXFileReference; fileEncoding = 4; lastKnownFileType = text.plist.xml; name = "GoogleService-Info.plist"; path = "../../../../Downloads/GoogleService-Info.plist"; sourceTree = "<group>"; };
		A61A68B52A9C78AA00C95C94 /* RegisterViewController.swift */ = {isa = PBXFileReference; lastKnownFileType = sourcecode.swift; path = RegisterViewController.swift; sourceTree = "<group>"; };
		A63ADCF72A9CB1790091EFCC /* DashBoardViewController.swift */ = {isa = PBXFileReference; lastKnownFileType = sourcecode.swift; path = DashBoardViewController.swift; sourceTree = "<group>"; };
		A680825F2A9CA18400B469CA /* LoginViewController.swift */ = {isa = PBXFileReference; lastKnownFileType = sourcecode.swift; path = LoginViewController.swift; sourceTree = "<group>"; };
		A6895A732AA84A2100ACEA95 /* UserProfileDataModel.swift */ = {isa = PBXFileReference; lastKnownFileType = sourcecode.swift; path = UserProfileDataModel.swift; sourceTree = "<group>"; };
		A6947CDB2A9C66C2005319B5 /* SignInLogin.app */ = {isa = PBXFileReference; explicitFileType = wrapper.application; includeInIndex = 0; path = SignInLogin.app; sourceTree = BUILT_PRODUCTS_DIR; };
		A6947CDE2A9C66C2005319B5 /* AppDelegate.swift */ = {isa = PBXFileReference; lastKnownFileType = sourcecode.swift; path = AppDelegate.swift; sourceTree = "<group>"; };
		A6947CE02A9C66C2005319B5 /* SceneDelegate.swift */ = {isa = PBXFileReference; lastKnownFileType = sourcecode.swift; path = SceneDelegate.swift; sourceTree = "<group>"; };
		A6947CE52A9C66C2005319B5 /* Base */ = {isa = PBXFileReference; lastKnownFileType = file.storyboard; name = Base; path = Base.lproj/Main.storyboard; sourceTree = "<group>"; };
		A6947CE72A9C66C3005319B5 /* Assets.xcassets */ = {isa = PBXFileReference; lastKnownFileType = folder.assetcatalog; path = Assets.xcassets; sourceTree = "<group>"; };
		A6947CEA2A9C66C3005319B5 /* Base */ = {isa = PBXFileReference; lastKnownFileType = file.storyboard; name = Base; path = Base.lproj/LaunchScreen.storyboard; sourceTree = "<group>"; };
		A6947CEC2A9C66C3005319B5 /* Info.plist */ = {isa = PBXFileReference; lastKnownFileType = text.plist.xml; path = Info.plist; sourceTree = "<group>"; };
		A6D0186A2AA0411E00F9BC20 /* MenuViewController.swift */ = {isa = PBXFileReference; lastKnownFileType = sourcecode.swift; path = MenuViewController.swift; sourceTree = "<group>"; };
		A6FB58582AA7906D00D629B4 /* String.swift */ = {isa = PBXFileReference; lastKnownFileType = sourcecode.swift; path = String.swift; sourceTree = "<group>"; };
		E6E5AADF828FE72E19B34130 /* Pods-SignInLogin.debug.xcconfig */ = {isa = PBXFileReference; includeInIndex = 1; lastKnownFileType = text.xcconfig; name = "Pods-SignInLogin.debug.xcconfig"; path = "Target Support Files/Pods-SignInLogin/Pods-SignInLogin.debug.xcconfig"; sourceTree = "<group>"; };
		EECA62E37D354CF6524F004A /* Pods-SignInLogin.release.xcconfig */ = {isa = PBXFileReference; includeInIndex = 1; lastKnownFileType = text.xcconfig; name = "Pods-SignInLogin.release.xcconfig"; path = "Target Support Files/Pods-SignInLogin/Pods-SignInLogin.release.xcconfig"; sourceTree = "<group>"; };
/* End PBXFileReference section */

/* Begin PBXFrameworksBuildPhase section */
		A6947CD82A9C66C2005319B5 /* Frameworks */ = {
			isa = PBXFrameworksBuildPhase;
			buildActionMask = 2147483647;
			files = (
				D40742E129B3DD4C934FE97F /* Pods_SignInLogin.framework in Frameworks */,
			);
			runOnlyForDeploymentPostprocessing = 0;
		};
/* End PBXFrameworksBuildPhase section */

/* Begin PBXGroup section */
		A6947CD22A9C66C2005319B5 = {
			isa = PBXGroup;
			children = (
				A6947CDD2A9C66C2005319B5 /* SignInLogin */,
				A6947CDC2A9C66C2005319B5 /* Products */,
				B58A0C9797DD692DABDAD63C /* Pods */,
				A7D3E48C4D26AF27F83D8925 /* Frameworks */,
			);
			sourceTree = "<group>";
		};
		A6947CDC2A9C66C2005319B5 /* Products */ = {
			isa = PBXGroup;
			children = (
				A6947CDB2A9C66C2005319B5 /* SignInLogin.app */,
			);
			name = Products;
			sourceTree = "<group>";
		};
		A6947CDD2A9C66C2005319B5 /* SignInLogin */ = {
			isa = PBXGroup;
			children = (
				A6947CDE2A9C66C2005319B5 /* AppDelegate.swift */,
				A680825F2A9CA18400B469CA /* LoginViewController.swift */,
				A6947CE02A9C66C2005319B5 /* SceneDelegate.swift */,
				A6947CE42A9C66C2005319B5 /* Main.storyboard */,
				A6947CE72A9C66C3005319B5 /* Assets.xcassets */,
				A6947CE92A9C66C3005319B5 /* LaunchScreen.storyboard */,
				A6947CEC2A9C66C3005319B5 /* Info.plist */,
				A61A68B32A9C782F00C95C94 /* GoogleService-Info.plist */,
				A61A68B52A9C78AA00C95C94 /* RegisterViewController.swift */,
				A63ADCF72A9CB1790091EFCC /* DashBoardViewController.swift */,
				A6D0186A2AA0411E00F9BC20 /* MenuViewController.swift */,
				A60508D32AA049DD003FDF43 /* MenuController.swift */,
				A60508D52AA05077003FDF43 /* MapViewController.swift */,
				A6FB58582AA7906D00D629B4 /* String.swift */,
				A6895A732AA84A2100ACEA95 /* UserProfileDataModel.swift */,
			);
			path = SignInLogin;
			sourceTree = "<group>";
		};
		A7D3E48C4D26AF27F83D8925 /* Frameworks */ = {
			isa = PBXGroup;
			children = (
				8869B319526857DBBD2B9B6A /* Pods_SignInLogin.framework */,
			);
			name = Frameworks;
			sourceTree = "<group>";
		};
		B58A0C9797DD692DABDAD63C /* Pods */ = {
			isa = PBXGroup;
			children = (
				E6E5AADF828FE72E19B34130 /* Pods-SignInLogin.debug.xcconfig */,
				EECA62E37D354CF6524F004A /* Pods-SignInLogin.release.xcconfig */,
			);
			path = Pods;
			sourceTree = "<group>";
		};
/* End PBXGroup section */

/* Begin PBXNativeTarget section */
		A6947CDA2A9C66C2005319B5 /* SignInLogin */ = {
			isa = PBXNativeTarget;
			buildConfigurationList = A6947CEF2A9C66C3005319B5 /* Build configuration list for PBXNativeTarget "SignInLogin" */;
			buildPhases = (
				2B5DCDF16FBF0671F3925902 /* [CP] Check Pods Manifest.lock */,
				A6947CD72A9C66C2005319B5 /* Sources */,
				A6947CD82A9C66C2005319B5 /* Frameworks */,
				A6947CD92A9C66C2005319B5 /* Resources */,
				B3BC1C69AB0B98CFAB0D026D /* [CP] Embed Pods Frameworks */,
			);
			buildRules = (
			);
			dependencies = (
			);
			name = SignInLogin;
			productName = SignInLogin;
			productReference = A6947CDB2A9C66C2005319B5 /* SignInLogin.app */;
			productType = "com.apple.product-type.application";
		};
/* End PBXNativeTarget section */

/* Begin PBXProject section */
		A6947CD32A9C66C2005319B5 /* Project object */ = {
			isa = PBXProject;
			attributes = {
				BuildIndependentTargetsInParallel = 1;
				LastSwiftUpdateCheck = 1430;
				LastUpgradeCheck = 1430;
				TargetAttributes = {
					A6947CDA2A9C66C2005319B5 = {
						CreatedOnToolsVersion = 14.3.1;
					};
				};
			};
			buildConfigurationList = A6947CD62A9C66C2005319B5 /* Build configuration list for PBXProject "SignInLogin" */;
			compatibilityVersion = "Xcode 14.0";
			developmentRegion = en;
			hasScannedForEncodings = 0;
			knownRegions = (
				en,
				Base,
			);
			mainGroup = A6947CD22A9C66C2005319B5;
			productRefGroup = A6947CDC2A9C66C2005319B5 /* Products */;
			projectDirPath = "";
			projectRoot = "";
			targets = (
				A6947CDA2A9C66C2005319B5 /* SignInLogin */,
			);
		};
/* End PBXProject section */

/* Begin PBXResourcesBuildPhase section */
		A6947CD92A9C66C2005319B5 /* Resources */ = {
			isa = PBXResourcesBuildPhase;
			buildActionMask = 2147483647;
			files = (
				A6947CEB2A9C66C3005319B5 /* LaunchScreen.storyboard in Resources */,
				A61A68B42A9C782F00C95C94 /* GoogleService-Info.plist in Resources */,
				A6947CE82A9C66C3005319B5 /* Assets.xcassets in Resources */,
				A6947CE62A9C66C2005319B5 /* Main.storyboard in Resources */,
			);
			runOnlyForDeploymentPostprocessing = 0;
		};
/* End PBXResourcesBuildPhase section */

/* Begin PBXShellScriptBuildPhase section */
		2B5DCDF16FBF0671F3925902 /* [CP] Check Pods Manifest.lock */ = {
			isa = PBXShellScriptBuildPhase;
			buildActionMask = 2147483647;
			files = (
			);
			inputFileListPaths = (
			);
			inputPaths = (
				"${PODS_PODFILE_DIR_PATH}/Podfile.lock",
				"${PODS_ROOT}/Manifest.lock",
			);
			name = "[CP] Check Pods Manifest.lock";
			outputFileListPaths = (
			);
			outputPaths = (
				"$(DERIVED_FILE_DIR)/Pods-SignInLogin-checkManifestLockResult.txt",
			);
			runOnlyForDeploymentPostprocessing = 0;
			shellPath = /bin/sh;
			shellScript = "diff \"${PODS_PODFILE_DIR_PATH}/Podfile.lock\" \"${PODS_ROOT}/Manifest.lock\" > /dev/null\nif [ $? != 0 ] ; then\n    # print error to STDERR\n    echo \"error: The sandbox is not in sync with the Podfile.lock. Run 'pod install' or update your CocoaPods installation.\" >&2\n    exit 1\nfi\n# This output is used by Xcode 'outputs' to avoid re-running this script phase.\necho \"SUCCESS\" > \"${SCRIPT_OUTPUT_FILE_0}\"\n";
			showEnvVarsInLog = 0;
		};
		B3BC1C69AB0B98CFAB0D026D /* [CP] Embed Pods Frameworks */ = {
			isa = PBXShellScriptBuildPhase;
			buildActionMask = 2147483647;
			files = (
			);
			inputFileListPaths = (
				"${PODS_ROOT}/Target Support Files/Pods-SignInLogin/Pods-SignInLogin-frameworks-${CONFIGURATION}-input-files.xcfilelist",
			);
			name = "[CP] Embed Pods Frameworks";
			outputFileListPaths = (
				"${PODS_ROOT}/Target Support Files/Pods-SignInLogin/Pods-SignInLogin-frameworks-${CONFIGURATION}-output-files.xcfilelist",
			);
			runOnlyForDeploymentPostprocessing = 0;
			shellPath = /bin/sh;
			shellScript = "\"${PODS_ROOT}/Target Support Files/Pods-SignInLogin/Pods-SignInLogin-frameworks.sh\"\n";
			showEnvVarsInLog = 0;
		};
/* End PBXShellScriptBuildPhase section */

/* Begin PBXSourcesBuildPhase section */
		A6947CD72A9C66C2005319B5 /* Sources */ = {
			isa = PBXSourcesBuildPhase;
			buildActionMask = 2147483647;
			files = (
				A60508D42AA049DD003FDF43 /* MenuController.swift in Sources */,
				A60508D62AA05077003FDF43 /* MapViewController.swift in Sources */,
				A6947CDF2A9C66C2005319B5 /* AppDelegate.swift in Sources */,
				A6FB58592AA7906D00D629B4 /* String.swift in Sources */,
				A6947CE12A9C66C2005319B5 /* SceneDelegate.swift in Sources */,
				A63ADCF82A9CB1790091EFCC /* DashBoardViewController.swift in Sources */,
				A61A68B62A9C78AA00C95C94 /* RegisterViewController.swift in Sources */,
				A6D0186B2AA0411E00F9BC20 /* MenuViewController.swift in Sources */,
				A6895A742AA84A2100ACEA95 /* UserProfileDataModel.swift in Sources */,
				A68082602A9CA18400B469CA /* LoginViewController.swift in Sources */,
			);
			runOnlyForDeploymentPostprocessing = 0;
		};
/* End PBXSourcesBuildPhase section */

/* Begin PBXVariantGroup section */
		A6947CE42A9C66C2005319B5 /* Main.storyboard */ = {
			isa = PBXVariantGroup;
			children = (
				A6947CE52A9C66C2005319B5 /* Base */,
			);
			name = Main.storyboard;
			sourceTree = "<group>";
		};
		A6947CE92A9C66C3005319B5 /* LaunchScreen.storyboard */ = {
			isa = PBXVariantGroup;
			children = (
				A6947CEA2A9C66C3005319B5 /* Base */,
			);
			name = LaunchScreen.storyboard;
			sourceTree = "<group>";
		};
/* End PBXVariantGroup section */

/* Begin XCBuildConfiguration section */
		A6947CED2A9C66C3005319B5 /* Debug */ = {
			isa = XCBuildConfiguration;
			buildSettings = {
				ALWAYS_SEARCH_USER_PATHS = NO;
				CLANG_ANALYZER_NONNULL = YES;
				CLANG_ANALYZER_NUMBER_OBJECT_CONVERSION = YES_AGGRESSIVE;
				CLANG_CXX_LANGUAGE_STANDARD = "gnu++20";
				CLANG_ENABLE_MODULES = YES;
				CLANG_ENABLE_OBJC_ARC = YES;
				CLANG_ENABLE_OBJC_WEAK = YES;
				CLANG_WARN_BLOCK_CAPTURE_AUTORELEASING = YES;
				CLANG_WARN_BOOL_CONVERSION = YES;
				CLANG_WARN_COMMA = YES;
				CLANG_WARN_CONSTANT_CONVERSION = YES;
				CLANG_WARN_DEPRECATED_OBJC_IMPLEMENTATIONS = YES;
				CLANG_WARN_DIRECT_OBJC_ISA_USAGE = YES_ERROR;
				CLANG_WARN_DOCUMENTATION_COMMENTS = YES;
				CLANG_WARN_EMPTY_BODY = YES;
				CLANG_WARN_ENUM_CONVERSION = YES;
				CLANG_WARN_INFINITE_RECURSION = YES;
				CLANG_WARN_INT_CONVERSION = YES;
				CLANG_WARN_NON_LITERAL_NULL_CONVERSION = YES;
				CLANG_WARN_OBJC_IMPLICIT_RETAIN_SELF = YES;
				CLANG_WARN_OBJC_LITERAL_CONVERSION = YES;
				CLANG_WARN_OBJC_ROOT_CLASS = YES_ERROR;
				CLANG_WARN_QUOTED_INCLUDE_IN_FRAMEWORK_HEADER = YES;
				CLANG_WARN_RANGE_LOOP_ANALYSIS = YES;
				CLANG_WARN_STRICT_PROTOTYPES = YES;
				CLANG_WARN_SUSPICIOUS_MOVE = YES;
				CLANG_WARN_UNGUARDED_AVAILABILITY = YES_AGGRESSIVE;
				CLANG_WARN_UNREACHABLE_CODE = YES;
				CLANG_WARN__DUPLICATE_METHOD_MATCH = YES;
				COPY_PHASE_STRIP = NO;
				DEBUG_INFORMATION_FORMAT = dwarf;
				ENABLE_STRICT_OBJC_MSGSEND = YES;
				ENABLE_TESTABILITY = YES;
				GCC_C_LANGUAGE_STANDARD = gnu11;
				GCC_DYNAMIC_NO_PIC = NO;
				GCC_NO_COMMON_BLOCKS = YES;
				GCC_OPTIMIZATION_LEVEL = 0;
				GCC_PREPROCESSOR_DEFINITIONS = (
					"DEBUG=1",
					"$(inherited)",
				);
				GCC_WARN_64_TO_32_BIT_CONVERSION = YES;
				GCC_WARN_ABOUT_RETURN_TYPE = YES_ERROR;
				GCC_WARN_UNDECLARED_SELECTOR = YES;
				GCC_WARN_UNINITIALIZED_AUTOS = YES_AGGRESSIVE;
				GCC_WARN_UNUSED_FUNCTION = YES;
				GCC_WARN_UNUSED_VARIABLE = YES;
				IPHONEOS_DEPLOYMENT_TARGET = 16.4;
				MTL_ENABLE_DEBUG_INFO = INCLUDE_SOURCE;
				MTL_FAST_MATH = YES;
				ONLY_ACTIVE_ARCH = YES;
				SDKROOT = iphoneos;
				SWIFT_ACTIVE_COMPILATION_CONDITIONS = DEBUG;
				SWIFT_OPTIMIZATION_LEVEL = "-Onone";
			};
			name = Debug;
		};
		A6947CEE2A9C66C3005319B5 /* Release */ = {
			isa = XCBuildConfiguration;
			buildSettings = {
				ALWAYS_SEARCH_USER_PATHS = NO;
				CLANG_ANALYZER_NONNULL = YES;
				CLANG_ANALYZER_NUMBER_OBJECT_CONVERSION = YES_AGGRESSIVE;
				CLANG_CXX_LANGUAGE_STANDARD = "gnu++20";
				CLANG_ENABLE_MODULES = YES;
				CLANG_ENABLE_OBJC_ARC = YES;
				CLANG_ENABLE_OBJC_WEAK = YES;
				CLANG_WARN_BLOCK_CAPTURE_AUTORELEASING = YES;
				CLANG_WARN_BOOL_CONVERSION = YES;
				CLANG_WARN_COMMA = YES;
				CLANG_WARN_CONSTANT_CONVERSION = YES;
				CLANG_WARN_DEPRECATED_OBJC_IMPLEMENTATIONS = YES;
				CLANG_WARN_DIRECT_OBJC_ISA_USAGE = YES_ERROR;
				CLANG_WARN_DOCUMENTATION_COMMENTS = YES;
				CLANG_WARN_EMPTY_BODY = YES;
				CLANG_WARN_ENUM_CONVERSION = YES;
				CLANG_WARN_INFINITE_RECURSION = YES;
				CLANG_WARN_INT_CONVERSION = YES;
				CLANG_WARN_NON_LITERAL_NULL_CONVERSION = YES;
				CLANG_WARN_OBJC_IMPLICIT_RETAIN_SELF = YES;
				CLANG_WARN_OBJC_LITERAL_CONVERSION = YES;
				CLANG_WARN_OBJC_ROOT_CLASS = YES_ERROR;
				CLANG_WARN_QUOTED_INCLUDE_IN_FRAMEWORK_HEADER = YES;
				CLANG_WARN_RANGE_LOOP_ANALYSIS = YES;
				CLANG_WARN_STRICT_PROTOTYPES = YES;
				CLANG_WARN_SUSPICIOUS_MOVE = YES;
				CLANG_WARN_UNGUARDED_AVAILABILITY = YES_AGGRESSIVE;
				CLANG_WARN_UNREACHABLE_CODE = YES;
				CLANG_WARN__DUPLICATE_METHOD_MATCH = YES;
				COPY_PHASE_STRIP = NO;
				DEBUG_INFORMATION_FORMAT = "dwarf-with-dsym";
				ENABLE_NS_ASSERTIONS = NO;
				ENABLE_STRICT_OBJC_MSGSEND = YES;
				GCC_C_LANGUAGE_STANDARD = gnu11;
				GCC_NO_COMMON_BLOCKS = YES;
				GCC_WARN_64_TO_32_BIT_CONVERSION = YES;
				GCC_WARN_ABOUT_RETURN_TYPE = YES_ERROR;
				GCC_WARN_UNDECLARED_SELECTOR = YES;
				GCC_WARN_UNINITIALIZED_AUTOS = YES_AGGRESSIVE;
				GCC_WARN_UNUSED_FUNCTION = YES;
				GCC_WARN_UNUSED_VARIABLE = YES;
				IPHONEOS_DEPLOYMENT_TARGET = 16.4;
				MTL_ENABLE_DEBUG_INFO = NO;
				MTL_FAST_MATH = YES;
				SDKROOT = iphoneos;
				SWIFT_COMPILATION_MODE = wholemodule;
				SWIFT_OPTIMIZATION_LEVEL = "-O";
				VALIDATE_PRODUCT = YES;
			};
			name = Release;
		};
		A6947CF02A9C66C3005319B5 /* Debug */ = {
			isa = XCBuildConfiguration;
			baseConfigurationReference = E6E5AADF828FE72E19B34130 /* Pods-SignInLogin.debug.xcconfig */;
			buildSettings = {
				ASSETCATALOG_COMPILER_APPICON_NAME = AppIcon;
				ASSETCATALOG_COMPILER_GLOBAL_ACCENT_COLOR_NAME = AccentColor;
				CODE_SIGN_STYLE = Automatic;
				CURRENT_PROJECT_VERSION = 1;
				GENERATE_INFOPLIST_FILE = YES;
				INFOPLIST_FILE = SignInLogin/Info.plist;
				INFOPLIST_KEY_UIApplicationSupportsIndirectInputEvents = YES;
				INFOPLIST_KEY_UILaunchStoryboardName = LaunchScreen;
				INFOPLIST_KEY_UIMainStoryboardFile = Main;
				INFOPLIST_KEY_UISupportedInterfaceOrientations_iPad = "UIInterfaceOrientationPortrait UIInterfaceOrientationPortraitUpsideDown UIInterfaceOrientationLandscapeLeft UIInterfaceOrientationLandscapeRight";
				INFOPLIST_KEY_UISupportedInterfaceOrientations_iPhone = "UIInterfaceOrientationPortrait UIInterfaceOrientationLandscapeLeft UIInterfaceOrientationLandscapeRight";
				LD_RUNPATH_SEARCH_PATHS = (
					"$(inherited)",
					"@executable_path/Frameworks",
				);
				MARKETING_VERSION = 1.0;
				PRODUCT_BUNDLE_IDENTIFIER = neeraja.SignInLogin;
				PRODUCT_NAME = "$(TARGET_NAME)";
				SWIFT_EMIT_LOC_STRINGS = YES;
				SWIFT_VERSION = 5.0;
				TARGETED_DEVICE_FAMILY = "1,2";
			};
			name = Debug;
		};
		A6947CF12A9C66C3005319B5 /* Release */ = {
			isa = XCBuildConfiguration;
			baseConfigurationReference = EECA62E37D354CF6524F004A /* Pods-SignInLogin.release.xcconfig */;
			buildSettings = {
				ASSETCATALOG_COMPILER_APPICON_NAME = AppIcon;
				ASSETCATALOG_COMPILER_GLOBAL_ACCENT_COLOR_NAME = AccentColor;
				CODE_SIGN_STYLE = Automatic;
				CURRENT_PROJECT_VERSION = 1;
				GENERATE_INFOPLIST_FILE = YES;
				INFOPLIST_FILE = SignInLogin/Info.plist;
				INFOPLIST_KEY_UIApplicationSupportsIndirectInputEvents = YES;
				INFOPLIST_KEY_UILaunchStoryboardName = LaunchScreen;
				INFOPLIST_KEY_UIMainStoryboardFile = Main;
				INFOPLIST_KEY_UISupportedInterfaceOrientations_iPad = "UIInterfaceOrientationPortrait UIInterfaceOrientationPortraitUpsideDown UIInterfaceOrientationLandscapeLeft UIInterfaceOrientationLandscapeRight";
				INFOPLIST_KEY_UISupportedInterfaceOrientations_iPhone = "UIInterfaceOrientationPortrait UIInterfaceOrientationLandscapeLeft UIInterfaceOrientationLandscapeRight";
				LD_RUNPATH_SEARCH_PATHS = (
					"$(inherited)",
					"@executable_path/Frameworks",
				);
				MARKETING_VERSION = 1.0;
				PRODUCT_BUNDLE_IDENTIFIER = neeraja.SignInLogin;
				PRODUCT_NAME = "$(TARGET_NAME)";
				SWIFT_EMIT_LOC_STRINGS = YES;
				SWIFT_VERSION = 5.0;
				TARGETED_DEVICE_FAMILY = "1,2";
			};
			name = Release;
		};
/* End XCBuildConfiguration section */

/* Begin XCConfigurationList section */
		A6947CD62A9C66C2005319B5 /* Build configuration list for PBXProject "SignInLogin" */ = {
			isa = XCConfigurationList;
			buildConfigurations = (
				A6947CED2A9C66C3005319B5 /* Debug */,
				A6947CEE2A9C66C3005319B5 /* Release */,
			);
			defaultConfigurationIsVisible = 0;
			defaultConfigurationName = Release;
		};
		A6947CEF2A9C66C3005319B5 /* Build configuration list for PBXNativeTarget "SignInLogin" */ = {
			isa = XCConfigurationList;
			buildConfigurations = (
				A6947CF02A9C66C3005319B5 /* Debug */,
				A6947CF12A9C66C3005319B5 /* Release */,
			);
			defaultConfigurationIsVisible = 0;
			defaultConfigurationName = Release;
		};
/* End XCConfigurationList section */
	};
	rootObject = A6947CD32A9C66C2005319B5 /* Project object */;
}
